// !$*UTF8*$!
{
	archiveVersion = 1;
	classes = {
	};
	objectVersion = 56;
	objects = {

/* Begin PBXBuildFile section */
		E422F1292B07031A005A7B5C /* Double.swift in Sources */ = {isa = PBXBuildFile; fileRef = E422F1282B07031A005A7B5C /* Double.swift */; };
		E422F12B2B07B50F005A7B5C /* HomeViewModel.swift in Sources */ = {isa = PBXBuildFile; fileRef = E422F12A2B07B50F005A7B5C /* HomeViewModel.swift */; };
		E422F12E2B07CE04005A7B5C /* CoinDataService.swift in Sources */ = {isa = PBXBuildFile; fileRef = E422F12D2B07CE04005A7B5C /* CoinDataService.swift */; };
		E422F1312B092AAD005A7B5C /* NetworkingManager.swift in Sources */ = {isa = PBXBuildFile; fileRef = E422F1302B092AAD005A7B5C /* NetworkingManager.swift */; };
		E422F1352B0A5749005A7B5C /* CoinImageView.swift in Sources */ = {isa = PBXBuildFile; fileRef = E422F1342B0A5749005A7B5C /* CoinImageView.swift */; };
		E422F1372B0A59C2005A7B5C /* CoinImageService.swift in Sources */ = {isa = PBXBuildFile; fileRef = E422F1362B0A59C2005A7B5C /* CoinImageService.swift */; };
		E422F1392B0A5C6B005A7B5C /* CoinImageViewModel.swift in Sources */ = {isa = PBXBuildFile; fileRef = E422F1382B0A5C6B005A7B5C /* CoinImageViewModel.swift */; };
		E43379332B0BB547009F273B /* StatisticModel.swift in Sources */ = {isa = PBXBuildFile; fileRef = E43379322B0BB547009F273B /* StatisticModel.swift */; };
		E43379352B0BC757009F273B /* StatisticView.swift in Sources */ = {isa = PBXBuildFile; fileRef = E43379342B0BC757009F273B /* StatisticView.swift */; };
		E43379372B0BCF9B009F273B /* HomeStatsView.swift in Sources */ = {isa = PBXBuildFile; fileRef = E43379362B0BCF9B009F273B /* HomeStatsView.swift */; };
		E43952012B0D0DC000E2222C /* MarketDataModel.swift in Sources */ = {isa = PBXBuildFile; fileRef = E43952002B0D0DC000E2222C /* MarketDataModel.swift */; };
		E43952032B0D15A200E2222C /* MarketDataService.swift in Sources */ = {isa = PBXBuildFile; fileRef = E43952022B0D15A200E2222C /* MarketDataService.swift */; };
		E43952072B0E467C00E2222C /* PortfolioView.swift in Sources */ = {isa = PBXBuildFile; fileRef = E43952062B0E467C00E2222C /* PortfolioView.swift */; };
		E43952092B0E61E000E2222C /* XMarkButton.swift in Sources */ = {isa = PBXBuildFile; fileRef = E43952082B0E61E000E2222C /* XMarkButton.swift */; };
		E439520B2B0E664B00E2222C /* CoinLogoView.swift in Sources */ = {isa = PBXBuildFile; fileRef = E439520A2B0E664B00E2222C /* CoinLogoView.swift */; };
		E48F2D762B06612B003EEE27 /* TheCryptoAppApp.swift in Sources */ = {isa = PBXBuildFile; fileRef = E48F2D752B06612B003EEE27 /* TheCryptoAppApp.swift */; };
		E48F2D782B06612B003EEE27 /* ContentView.swift in Sources */ = {isa = PBXBuildFile; fileRef = E48F2D772B06612B003EEE27 /* ContentView.swift */; };
		E48F2D7A2B06612B003EEE27 /* Assets.xcassets in Resources */ = {isa = PBXBuildFile; fileRef = E48F2D792B06612B003EEE27 /* Assets.xcassets */; };
		E48F2D7D2B06612B003EEE27 /* Preview Assets.xcassets in Resources */ = {isa = PBXBuildFile; fileRef = E48F2D7C2B06612B003EEE27 /* Preview Assets.xcassets */; };
		E48F2D852B06735A003EEE27 /* Color.swift in Sources */ = {isa = PBXBuildFile; fileRef = E48F2D842B06735A003EEE27 /* Color.swift */; };
		E48F2D8B2B067C55003EEE27 /* HomeView.swift in Sources */ = {isa = PBXBuildFile; fileRef = E48F2D8A2B067C55003EEE27 /* HomeView.swift */; };
		E48F2D8F2B067E4B003EEE27 /* CircleButtonView.swift in Sources */ = {isa = PBXBuildFile; fileRef = E48F2D8E2B067E4B003EEE27 /* CircleButtonView.swift */; };
		E48F2D912B068E76003EEE27 /* CircleButtonAnimationView.swift in Sources */ = {isa = PBXBuildFile; fileRef = E48F2D902B068E76003EEE27 /* CircleButtonAnimationView.swift */; };
		E48F2D942B06DA70003EEE27 /* CoinModel.swift in Sources */ = {isa = PBXBuildFile; fileRef = E48F2D932B06DA70003EEE27 /* CoinModel.swift */; };
		E48F2D962B06F5FF003EEE27 /* CoinRowView.swift in Sources */ = {isa = PBXBuildFile; fileRef = E48F2D952B06F5FF003EEE27 /* CoinRowView.swift */; };
		E48F2D982B06F6CC003EEE27 /* PreviewProvider.swift in Sources */ = {isa = PBXBuildFile; fileRef = E48F2D972B06F6CC003EEE27 /* PreviewProvider.swift */; };
		E4E70BAE2B0A95CD0095308B /* LocalFileManager.swift in Sources */ = {isa = PBXBuildFile; fileRef = E4E70BAD2B0A95CD0095308B /* LocalFileManager.swift */; };
		E4E70BB02B0AD8FC0095308B /* SearchBarView.swift in Sources */ = {isa = PBXBuildFile; fileRef = E4E70BAF2B0AD8FC0095308B /* SearchBarView.swift */; };
		E4E70BB22B0AE1970095308B /* UIApplication.swift in Sources */ = {isa = PBXBuildFile; fileRef = E4E70BB12B0AE1970095308B /* UIApplication.swift */; };
		E4E951172B1009F400CA4FFF /* PortfolioContainer.xcdatamodeld in Sources */ = {isa = PBXBuildFile; fileRef = E4E951152B1009F400CA4FFF /* PortfolioContainer.xcdatamodeld */; };
/* End PBXBuildFile section */

/* Begin PBXFileReference section */
		E422F1282B07031A005A7B5C /* Double.swift */ = {isa = PBXFileReference; lastKnownFileType = sourcecode.swift; path = Double.swift; sourceTree = "<group>"; };
		E422F12A2B07B50F005A7B5C /* HomeViewModel.swift */ = {isa = PBXFileReference; lastKnownFileType = sourcecode.swift; path = HomeViewModel.swift; sourceTree = "<group>"; };
		E422F12D2B07CE04005A7B5C /* CoinDataService.swift */ = {isa = PBXFileReference; lastKnownFileType = sourcecode.swift; path = CoinDataService.swift; sourceTree = "<group>"; };
		E422F1302B092AAD005A7B5C /* NetworkingManager.swift */ = {isa = PBXFileReference; lastKnownFileType = sourcecode.swift; path = NetworkingManager.swift; sourceTree = "<group>"; };
		E422F1342B0A5749005A7B5C /* CoinImageView.swift */ = {isa = PBXFileReference; lastKnownFileType = sourcecode.swift; path = CoinImageView.swift; sourceTree = "<group>"; };
		E422F1362B0A59C2005A7B5C /* CoinImageService.swift */ = {isa = PBXFileReference; lastKnownFileType = sourcecode.swift; path = CoinImageService.swift; sourceTree = "<group>"; };
		E422F1382B0A5C6B005A7B5C /* CoinImageViewModel.swift */ = {isa = PBXFileReference; lastKnownFileType = sourcecode.swift; path = CoinImageViewModel.swift; sourceTree = "<group>"; };
		E43379322B0BB547009F273B /* StatisticModel.swift */ = {isa = PBXFileReference; lastKnownFileType = sourcecode.swift; path = StatisticModel.swift; sourceTree = "<group>"; };
		E43379342B0BC757009F273B /* StatisticView.swift */ = {isa = PBXFileReference; lastKnownFileType = sourcecode.swift; path = StatisticView.swift; sourceTree = "<group>"; };
		E43379362B0BCF9B009F273B /* HomeStatsView.swift */ = {isa = PBXFileReference; lastKnownFileType = sourcecode.swift; path = HomeStatsView.swift; sourceTree = "<group>"; };
		E43952002B0D0DC000E2222C /* MarketDataModel.swift */ = {isa = PBXFileReference; lastKnownFileType = sourcecode.swift; path = MarketDataModel.swift; sourceTree = "<group>"; };
		E43952022B0D15A200E2222C /* MarketDataService.swift */ = {isa = PBXFileReference; lastKnownFileType = sourcecode.swift; path = MarketDataService.swift; sourceTree = "<group>"; };
		E43952062B0E467C00E2222C /* PortfolioView.swift */ = {isa = PBXFileReference; lastKnownFileType = sourcecode.swift; path = PortfolioView.swift; sourceTree = "<group>"; };
		E43952082B0E61E000E2222C /* XMarkButton.swift */ = {isa = PBXFileReference; lastKnownFileType = sourcecode.swift; path = XMarkButton.swift; sourceTree = "<group>"; };
		E439520A2B0E664B00E2222C /* CoinLogoView.swift */ = {isa = PBXFileReference; lastKnownFileType = sourcecode.swift; path = CoinLogoView.swift; sourceTree = "<group>"; };
		E48F2D722B06612B003EEE27 /* TheCryptoApp.app */ = {isa = PBXFileReference; explicitFileType = wrapper.application; includeInIndex = 0; path = TheCryptoApp.app; sourceTree = BUILT_PRODUCTS_DIR; };
		E48F2D752B06612B003EEE27 /* TheCryptoAppApp.swift */ = {isa = PBXFileReference; lastKnownFileType = sourcecode.swift; path = TheCryptoAppApp.swift; sourceTree = "<group>"; };
		E48F2D772B06612B003EEE27 /* ContentView.swift */ = {isa = PBXFileReference; lastKnownFileType = sourcecode.swift; path = ContentView.swift; sourceTree = "<group>"; };
		E48F2D792B06612B003EEE27 /* Assets.xcassets */ = {isa = PBXFileReference; lastKnownFileType = folder.assetcatalog; path = Assets.xcassets; sourceTree = "<group>"; };
		E48F2D7C2B06612B003EEE27 /* Preview Assets.xcassets */ = {isa = PBXFileReference; lastKnownFileType = folder.assetcatalog; path = "Preview Assets.xcassets"; sourceTree = "<group>"; };
		E48F2D842B06735A003EEE27 /* Color.swift */ = {isa = PBXFileReference; lastKnownFileType = sourcecode.swift; path = Color.swift; sourceTree = "<group>"; };
		E48F2D8A2B067C55003EEE27 /* HomeView.swift */ = {isa = PBXFileReference; lastKnownFileType = sourcecode.swift; path = HomeView.swift; sourceTree = "<group>"; };
		E48F2D8E2B067E4B003EEE27 /* CircleButtonView.swift */ = {isa = PBXFileReference; lastKnownFileType = sourcecode.swift; path = CircleButtonView.swift; sourceTree = "<group>"; };
		E48F2D902B068E76003EEE27 /* CircleButtonAnimationView.swift */ = {isa = PBXFileReference; lastKnownFileType = sourcecode.swift; path = CircleButtonAnimationView.swift; sourceTree = "<group>"; };
		E48F2D932B06DA70003EEE27 /* CoinModel.swift */ = {isa = PBXFileReference; lastKnownFileType = sourcecode.swift; path = CoinModel.swift; sourceTree = "<group>"; };
		E48F2D952B06F5FF003EEE27 /* CoinRowView.swift */ = {isa = PBXFileReference; lastKnownFileType = sourcecode.swift; path = CoinRowView.swift; sourceTree = "<group>"; };
		E48F2D972B06F6CC003EEE27 /* PreviewProvider.swift */ = {isa = PBXFileReference; lastKnownFileType = sourcecode.swift; path = PreviewProvider.swift; sourceTree = "<group>"; };
		E4E70BAD2B0A95CD0095308B /* LocalFileManager.swift */ = {isa = PBXFileReference; lastKnownFileType = sourcecode.swift; path = LocalFileManager.swift; sourceTree = "<group>"; };
		E4E70BAF2B0AD8FC0095308B /* SearchBarView.swift */ = {isa = PBXFileReference; lastKnownFileType = sourcecode.swift; path = SearchBarView.swift; sourceTree = "<group>"; };
		E4E70BB12B0AE1970095308B /* UIApplication.swift */ = {isa = PBXFileReference; lastKnownFileType = sourcecode.swift; path = UIApplication.swift; sourceTree = "<group>"; };
		E4E951162B1009F400CA4FFF /* PortfolioContainer.xcdatamodel */ = {isa = PBXFileReference; lastKnownFileType = wrapper.xcdatamodel; path = PortfolioContainer.xcdatamodel; sourceTree = "<group>"; };
/* End PBXFileReference section */

/* Begin PBXFrameworksBuildPhase section */
		E48F2D6F2B06612B003EEE27 /* Frameworks */ = {
			isa = PBXFrameworksBuildPhase;
			buildActionMask = 2147483647;
			files = (
			);
			runOnlyForDeploymentPostprocessing = 0;
		};
/* End PBXFrameworksBuildPhase section */

/* Begin PBXGroup section */
		E422F12C2B07CDCB005A7B5C /* Services */ = {
			isa = PBXGroup;
			children = (
				E422F12D2B07CE04005A7B5C /* CoinDataService.swift */,
				E422F1362B0A59C2005A7B5C /* CoinImageService.swift */,
				E43952022B0D15A200E2222C /* MarketDataService.swift */,
			);
			path = Services;
			sourceTree = "<group>";
		};
		E422F12F2B092A64005A7B5C /* Utilities */ = {
			isa = PBXGroup;
			children = (
				E422F1302B092AAD005A7B5C /* NetworkingManager.swift */,
				E4E70BAD2B0A95CD0095308B /* LocalFileManager.swift */,
			);
			path = Utilities;
			sourceTree = "<group>";
		};
		E422F1332B0A5736005A7B5C /* CoinImage */ = {
			isa = PBXGroup;
			children = (
				E422F1342B0A5749005A7B5C /* CoinImageView.swift */,
				E422F1382B0A5C6B005A7B5C /* CoinImageViewModel.swift */,
				E439520A2B0E664B00E2222C /* CoinLogoView.swift */,
			);
			path = CoinImage;
			sourceTree = "<group>";
		};
		E48F2D692B06612B003EEE27 = {
			isa = PBXGroup;
			children = (
				E48F2D742B06612B003EEE27 /* TheCryptoApp */,
				E48F2D732B06612B003EEE27 /* Products */,
			);
			sourceTree = "<group>";
		};
		E48F2D732B06612B003EEE27 /* Products */ = {
			isa = PBXGroup;
			children = (
				E48F2D722B06612B003EEE27 /* TheCryptoApp.app */,
			);
			name = Products;
			sourceTree = "<group>";
		};
		E48F2D742B06612B003EEE27 /* TheCryptoApp */ = {
			isa = PBXGroup;
			children = (
				E48F2D752B06612B003EEE27 /* TheCryptoAppApp.swift */,
				E422F12F2B092A64005A7B5C /* Utilities */,
				E422F12C2B07CDCB005A7B5C /* Services */,
				E48F2D832B0670E7003EEE27 /* Extensions */,
				E48F2D922B06DA49003EEE27 /* Models */,
				E48F2D862B067C17003EEE27 /* Core */,
				E48F2D772B06612B003EEE27 /* ContentView.swift */,
				E48F2D792B06612B003EEE27 /* Assets.xcassets */,
				E48F2D7B2B06612B003EEE27 /* Preview Content */,
			);
			path = TheCryptoApp;
			sourceTree = "<group>";
		};
		E48F2D7B2B06612B003EEE27 /* Preview Content */ = {
			isa = PBXGroup;
			children = (
				E48F2D7C2B06612B003EEE27 /* Preview Assets.xcassets */,
			);
			path = "Preview Content";
			sourceTree = "<group>";
		};
		E48F2D832B0670E7003EEE27 /* Extensions */ = {
			isa = PBXGroup;
			children = (
				E48F2D842B06735A003EEE27 /* Color.swift */,
				E48F2D972B06F6CC003EEE27 /* PreviewProvider.swift */,
				E422F1282B07031A005A7B5C /* Double.swift */,
				E4E70BB12B0AE1970095308B /* UIApplication.swift */,
			);
			path = Extensions;
			sourceTree = "<group>";
		};
		E48F2D862B067C17003EEE27 /* Core */ = {
			isa = PBXGroup;
			children = (
				E48F2D8C2B067E11003EEE27 /* Components */,
				E48F2D872B067C2B003EEE27 /* Home */,
			);
			path = Core;
			sourceTree = "<group>";
		};
		E48F2D872B067C2B003EEE27 /* Home */ = {
			isa = PBXGroup;
			children = (
				E48F2D892B067C3F003EEE27 /* ViewModels */,
				E48F2D882B067C38003EEE27 /* Views */,
			);
			path = Home;
			sourceTree = "<group>";
		};
		E48F2D882B067C38003EEE27 /* Views */ = {
			isa = PBXGroup;
			children = (
				E48F2D8A2B067C55003EEE27 /* HomeView.swift */,
				E43379362B0BCF9B009F273B /* HomeStatsView.swift */,
				E48F2D952B06F5FF003EEE27 /* CoinRowView.swift */,
				E43952062B0E467C00E2222C /* PortfolioView.swift */,
			);
			path = Views;
			sourceTree = "<group>";
		};
		E48F2D892B067C3F003EEE27 /* ViewModels */ = {
			isa = PBXGroup;
			children = (
				E422F12A2B07B50F005A7B5C /* HomeViewModel.swift */,
			);
			path = ViewModels;
			sourceTree = "<group>";
		};
		E48F2D8C2B067E11003EEE27 /* Components */ = {
			isa = PBXGroup;
			children = (
				E422F1332B0A5736005A7B5C /* CoinImage */,
				E48F2D8D2B067E34003EEE27 /* CircleButton */,
				E4E70BAF2B0AD8FC0095308B /* SearchBarView.swift */,
				E43379342B0BC757009F273B /* StatisticView.swift */,
				E43952082B0E61E000E2222C /* XMarkButton.swift */,
			);
			path = Components;
			sourceTree = "<group>";
		};
		E48F2D8D2B067E34003EEE27 /* CircleButton */ = {
			isa = PBXGroup;
			children = (
				E48F2D8E2B067E4B003EEE27 /* CircleButtonView.swift */,
				E48F2D902B068E76003EEE27 /* CircleButtonAnimationView.swift */,
			);
			path = CircleButton;
			sourceTree = "<group>";
		};
		E48F2D922B06DA49003EEE27 /* Models */ = {
			isa = PBXGroup;
			children = (
				E48F2D932B06DA70003EEE27 /* CoinModel.swift */,
				E43379322B0BB547009F273B /* StatisticModel.swift */,
				E43952002B0D0DC000E2222C /* MarketDataModel.swift */,
				E4E951152B1009F400CA4FFF /* PortfolioContainer.xcdatamodeld */,
			);
			path = Models;
			sourceTree = "<group>";
		};
/* End PBXGroup section */

/* Begin PBXNativeTarget section */
		E48F2D712B06612B003EEE27 /* TheCryptoApp */ = {
			isa = PBXNativeTarget;
			buildConfigurationList = E48F2D802B06612B003EEE27 /* Build configuration list for PBXNativeTarget "TheCryptoApp" */;
			buildPhases = (
				E48F2D6E2B06612B003EEE27 /* Sources */,
				E48F2D6F2B06612B003EEE27 /* Frameworks */,
				E48F2D702B06612B003EEE27 /* Resources */,
			);
			buildRules = (
			);
			dependencies = (
			);
			name = TheCryptoApp;
			productName = TheCryptoApp;
			productReference = E48F2D722B06612B003EEE27 /* TheCryptoApp.app */;
			productType = "com.apple.product-type.application";
		};
/* End PBXNativeTarget section */

/* Begin PBXProject section */
		E48F2D6A2B06612B003EEE27 /* Project object */ = {
			isa = PBXProject;
			attributes = {
				BuildIndependentTargetsInParallel = 1;
				LastSwiftUpdateCheck = 1500;
				LastUpgradeCheck = 1500;
				TargetAttributes = {
					E48F2D712B06612B003EEE27 = {
						CreatedOnToolsVersion = 15.0.1;
					};
				};
			};
			buildConfigurationList = E48F2D6D2B06612B003EEE27 /* Build configuration list for PBXProject "TheCryptoApp" */;
			compatibilityVersion = "Xcode 14.0";
			developmentRegion = en;
			hasScannedForEncodings = 0;
			knownRegions = (
				en,
				Base,
			);
			mainGroup = E48F2D692B06612B003EEE27;
			productRefGroup = E48F2D732B06612B003EEE27 /* Products */;
			projectDirPath = "";
			projectRoot = "";
			targets = (
				E48F2D712B06612B003EEE27 /* TheCryptoApp */,
			);
		};
/* End PBXProject section */

/* Begin PBXResourcesBuildPhase section */
		E48F2D702B06612B003EEE27 /* Resources */ = {
			isa = PBXResourcesBuildPhase;
			buildActionMask = 2147483647;
			files = (
				E48F2D7D2B06612B003EEE27 /* Preview Assets.xcassets in Resources */,
				E48F2D7A2B06612B003EEE27 /* Assets.xcassets in Resources */,
			);
			runOnlyForDeploymentPostprocessing = 0;
		};
/* End PBXResourcesBuildPhase section */

/* Begin PBXSourcesBuildPhase section */
		E48F2D6E2B06612B003EEE27 /* Sources */ = {
			isa = PBXSourcesBuildPhase;
			buildActionMask = 2147483647;
			files = (
				E4E951172B1009F400CA4FFF /* PortfolioContainer.xcdatamodeld in Sources */,
				E43379332B0BB547009F273B /* StatisticModel.swift in Sources */,
				E43952032B0D15A200E2222C /* MarketDataService.swift in Sources */,
				E422F12E2B07CE04005A7B5C /* CoinDataService.swift in Sources */,
				E43952092B0E61E000E2222C /* XMarkButton.swift in Sources */,
				E48F2D962B06F5FF003EEE27 /* CoinRowView.swift in Sources */,
				E422F12B2B07B50F005A7B5C /* HomeViewModel.swift in Sources */,
				E48F2D782B06612B003EEE27 /* ContentView.swift in Sources */,
				E4E70BAE2B0A95CD0095308B /* LocalFileManager.swift in Sources */,
				E43952012B0D0DC000E2222C /* MarketDataModel.swift in Sources */,
				E48F2D8B2B067C55003EEE27 /* HomeView.swift in Sources */,
				E43379352B0BC757009F273B /* StatisticView.swift in Sources */,
				E422F1352B0A5749005A7B5C /* CoinImageView.swift in Sources */,
				E48F2D762B06612B003EEE27 /* TheCryptoAppApp.swift in Sources */,
				E4E70BB22B0AE1970095308B /* UIApplication.swift in Sources */,
				E48F2D8F2B067E4B003EEE27 /* CircleButtonView.swift in Sources */,
				E48F2D852B06735A003EEE27 /* Color.swift in Sources */,
				E4E70BB02B0AD8FC0095308B /* SearchBarView.swift in Sources */,
				E439520B2B0E664B00E2222C /* CoinLogoView.swift in Sources */,
				E422F1312B092AAD005A7B5C /* NetworkingManager.swift in Sources */,
				E43379372B0BCF9B009F273B /* HomeStatsView.swift in Sources */,
				E48F2D912B068E76003EEE27 /* CircleButtonAnimationView.swift in Sources */,
				E422F1392B0A5C6B005A7B5C /* CoinImageViewModel.swift in Sources */,
				E48F2D982B06F6CC003EEE27 /* PreviewProvider.swift in Sources */,
				E422F1292B07031A005A7B5C /* Double.swift in Sources */,
				E422F1372B0A59C2005A7B5C /* CoinImageService.swift in Sources */,
				E48F2D942B06DA70003EEE27 /* CoinModel.swift in Sources */,
				E43952072B0E467C00E2222C /* PortfolioView.swift in Sources */,
			);
			runOnlyForDeploymentPostprocessing = 0;
		};
/* End PBXSourcesBuildPhase section */

/* Begin XCBuildConfiguration section */
		E48F2D7E2B06612B003EEE27 /* Debug */ = {
			isa = XCBuildConfiguration;
			buildSettings = {
				ALWAYS_SEARCH_USER_PATHS = NO;
				ASSETCATALOG_COMPILER_GENERATE_SWIFT_ASSET_SYMBOL_EXTENSIONS = YES;
				CLANG_ANALYZER_NONNULL = YES;
				CLANG_ANALYZER_NUMBER_OBJECT_CONVERSION = YES_AGGRESSIVE;
				CLANG_CXX_LANGUAGE_STANDARD = "gnu++20";
				CLANG_ENABLE_MODULES = YES;
				CLANG_ENABLE_OBJC_ARC = YES;
				CLANG_ENABLE_OBJC_WEAK = YES;
				CLANG_WARN_BLOCK_CAPTURE_AUTORELEASING = YES;
				CLANG_WARN_BOOL_CONVERSION = YES;
				CLANG_WARN_COMMA = YES;
				CLANG_WARN_CONSTANT_CONVERSION = YES;
				CLANG_WARN_DEPRECATED_OBJC_IMPLEMENTATIONS = YES;
				CLANG_WARN_DIRECT_OBJC_ISA_USAGE = YES_ERROR;
				CLANG_WARN_DOCUMENTATION_COMMENTS = YES;
				CLANG_WARN_EMPTY_BODY = YES;
				CLANG_WARN_ENUM_CONVERSION = YES;
				CLANG_WARN_INFINITE_RECURSION = YES;
				CLANG_WARN_INT_CONVERSION = YES;
				CLANG_WARN_NON_LITERAL_NULL_CONVERSION = YES;
				CLANG_WARN_OBJC_IMPLICIT_RETAIN_SELF = YES;
				CLANG_WARN_OBJC_LITERAL_CONVERSION = YES;
				CLANG_WARN_OBJC_ROOT_CLASS = YES_ERROR;
				CLANG_WARN_QUOTED_INCLUDE_IN_FRAMEWORK_HEADER = YES;
				CLANG_WARN_RANGE_LOOP_ANALYSIS = YES;
				CLANG_WARN_STRICT_PROTOTYPES = YES;
				CLANG_WARN_SUSPICIOUS_MOVE = YES;
				CLANG_WARN_UNGUARDED_AVAILABILITY = YES_AGGRESSIVE;
				CLANG_WARN_UNREACHABLE_CODE = YES;
				CLANG_WARN__DUPLICATE_METHOD_MATCH = YES;
				COPY_PHASE_STRIP = NO;
				DEBUG_INFORMATION_FORMAT = dwarf;
				ENABLE_STRICT_OBJC_MSGSEND = YES;
				ENABLE_TESTABILITY = YES;
				ENABLE_USER_SCRIPT_SANDBOXING = YES;
				GCC_C_LANGUAGE_STANDARD = gnu17;
				GCC_DYNAMIC_NO_PIC = NO;
				GCC_NO_COMMON_BLOCKS = YES;
				GCC_OPTIMIZATION_LEVEL = 0;
				GCC_PREPROCESSOR_DEFINITIONS = (
					"DEBUG=1",
					"$(inherited)",
				);
				GCC_WARN_64_TO_32_BIT_CONVERSION = YES;
				GCC_WARN_ABOUT_RETURN_TYPE = YES_ERROR;
				GCC_WARN_UNDECLARED_SELECTOR = YES;
				GCC_WARN_UNINITIALIZED_AUTOS = YES_AGGRESSIVE;
				GCC_WARN_UNUSED_FUNCTION = YES;
				GCC_WARN_UNUSED_VARIABLE = YES;
				IPHONEOS_DEPLOYMENT_TARGET = 16.0;
				LOCALIZATION_PREFERS_STRING_CATALOGS = YES;
				MTL_ENABLE_DEBUG_INFO = INCLUDE_SOURCE;
				MTL_FAST_MATH = YES;
				ONLY_ACTIVE_ARCH = YES;
				SDKROOT = iphoneos;
				SWIFT_ACTIVE_COMPILATION_CONDITIONS = "DEBUG $(inherited)";
				SWIFT_OPTIMIZATION_LEVEL = "-Onone";
			};
			name = Debug;
		};
		E48F2D7F2B06612B003EEE27 /* Release */ = {
			isa = XCBuildConfiguration;
			buildSettings = {
				ALWAYS_SEARCH_USER_PATHS = NO;
				ASSETCATALOG_COMPILER_GENERATE_SWIFT_ASSET_SYMBOL_EXTENSIONS = YES;
				CLANG_ANALYZER_NONNULL = YES;
				CLANG_ANALYZER_NUMBER_OBJECT_CONVERSION = YES_AGGRESSIVE;
				CLANG_CXX_LANGUAGE_STANDARD = "gnu++20";
				CLANG_ENABLE_MODULES = YES;
				CLANG_ENABLE_OBJC_ARC = YES;
				CLANG_ENABLE_OBJC_WEAK = YES;
				CLANG_WARN_BLOCK_CAPTURE_AUTORELEASING = YES;
				CLANG_WARN_BOOL_CONVERSION = YES;
				CLANG_WARN_COMMA = YES;
				CLANG_WARN_CONSTANT_CONVERSION = YES;
				CLANG_WARN_DEPRECATED_OBJC_IMPLEMENTATIONS = YES;
				CLANG_WARN_DIRECT_OBJC_ISA_USAGE = YES_ERROR;
				CLANG_WARN_DOCUMENTATION_COMMENTS = YES;
				CLANG_WARN_EMPTY_BODY = YES;
				CLANG_WARN_ENUM_CONVERSION = YES;
				CLANG_WARN_INFINITE_RECURSION = YES;
				CLANG_WARN_INT_CONVERSION = YES;
				CLANG_WARN_NON_LITERAL_NULL_CONVERSION = YES;
				CLANG_WARN_OBJC_IMPLICIT_RETAIN_SELF = YES;
				CLANG_WARN_OBJC_LITERAL_CONVERSION = YES;
				CLANG_WARN_OBJC_ROOT_CLASS = YES_ERROR;
				CLANG_WARN_QUOTED_INCLUDE_IN_FRAMEWORK_HEADER = YES;
				CLANG_WARN_RANGE_LOOP_ANALYSIS = YES;
				CLANG_WARN_STRICT_PROTOTYPES = YES;
				CLANG_WARN_SUSPICIOUS_MOVE = YES;
				CLANG_WARN_UNGUARDED_AVAILABILITY = YES_AGGRESSIVE;
				CLANG_WARN_UNREACHABLE_CODE = YES;
				CLANG_WARN__DUPLICATE_METHOD_MATCH = YES;
				COPY_PHASE_STRIP = NO;
				DEBUG_INFORMATION_FORMAT = "dwarf-with-dsym";
				ENABLE_NS_ASSERTIONS = NO;
				ENABLE_STRICT_OBJC_MSGSEND = YES;
				ENABLE_USER_SCRIPT_SANDBOXING = YES;
				GCC_C_LANGUAGE_STANDARD = gnu17;
				GCC_NO_COMMON_BLOCKS = YES;
				GCC_WARN_64_TO_32_BIT_CONVERSION = YES;
				GCC_WARN_ABOUT_RETURN_TYPE = YES_ERROR;
				GCC_WARN_UNDECLARED_SELECTOR = YES;
				GCC_WARN_UNINITIALIZED_AUTOS = YES_AGGRESSIVE;
				GCC_WARN_UNUSED_FUNCTION = YES;
				GCC_WARN_UNUSED_VARIABLE = YES;
				IPHONEOS_DEPLOYMENT_TARGET = 16.0;
				LOCALIZATION_PREFERS_STRING_CATALOGS = YES;
				MTL_ENABLE_DEBUG_INFO = NO;
				MTL_FAST_MATH = YES;
				SDKROOT = iphoneos;
				SWIFT_COMPILATION_MODE = wholemodule;
				VALIDATE_PRODUCT = YES;
			};
			name = Release;
		};
		E48F2D812B06612B003EEE27 /* Debug */ = {
			isa = XCBuildConfiguration;
			buildSettings = {
				ASSETCATALOG_COMPILER_APPICON_NAME = AppIcon;
				ASSETCATALOG_COMPILER_GLOBAL_ACCENT_COLOR_NAME = AccentColor;
				CODE_SIGN_STYLE = Automatic;
				CURRENT_PROJECT_VERSION = 1;
				DEVELOPMENT_ASSET_PATHS = "\"TheCryptoApp/Preview Content\"";
				DEVELOPMENT_TEAM = 748RM22H5Z;
				ENABLE_PREVIEWS = YES;
				GENERATE_INFOPLIST_FILE = YES;
				INFOPLIST_KEY_CFBundleDisplayName = "Crypto Tracker ";
				INFOPLIST_KEY_UIApplicationSceneManifest_Generation = YES;
				INFOPLIST_KEY_UIApplicationSupportsIndirectInputEvents = YES;
				INFOPLIST_KEY_UILaunchScreen_Generation = YES;
				INFOPLIST_KEY_UISupportedInterfaceOrientations = UIInterfaceOrientationPortrait;
				LD_RUNPATH_SEARCH_PATHS = (
					"$(inherited)",
					"@executable_path/Frameworks",
				);
				MARKETING_VERSION = 1.0;
				PRODUCT_BUNDLE_IDENTIFIER = EliId.TheCryptoApp;
				PRODUCT_NAME = "$(TARGET_NAME)";
				SWIFT_EMIT_LOC_STRINGS = YES;
				SWIFT_VERSION = 5.0;
				TARGETED_DEVICE_FAMILY = "1,2";
			};
			name = Debug;
		};
		E48F2D822B06612B003EEE27 /* Release */ = {
			isa = XCBuildConfiguration;
			buildSettings = {
				ASSETCATALOG_COMPILER_APPICON_NAME = AppIcon;
				ASSETCATALOG_COMPILER_GLOBAL_ACCENT_COLOR_NAME = AccentColor;
				CODE_SIGN_STYLE = Automatic;
				CURRENT_PROJECT_VERSION = 1;
				DEVELOPMENT_ASSET_PATHS = "\"TheCryptoApp/Preview Content\"";
				DEVELOPMENT_TEAM = 748RM22H5Z;
				ENABLE_PREVIEWS = YES;
				GENERATE_INFOPLIST_FILE = YES;
				INFOPLIST_KEY_CFBundleDisplayName = "Crypto Tracker ";
				INFOPLIST_KEY_UIApplicationSceneManifest_Generation = YES;
				INFOPLIST_KEY_UIApplicationSupportsIndirectInputEvents = YES;
				INFOPLIST_KEY_UILaunchScreen_Generation = YES;
				INFOPLIST_KEY_UISupportedInterfaceOrientations = UIInterfaceOrientationPortrait;
				LD_RUNPATH_SEARCH_PATHS = (
					"$(inherited)",
					"@executable_path/Frameworks",
				);
				MARKETING_VERSION = 1.0;
				PRODUCT_BUNDLE_IDENTIFIER = EliId.TheCryptoApp;
				PRODUCT_NAME = "$(TARGET_NAME)";
				SWIFT_EMIT_LOC_STRINGS = YES;
				SWIFT_VERSION = 5.0;
				TARGETED_DEVICE_FAMILY = "1,2";
			};
			name = Release;
		};
/* End XCBuildConfiguration section */

/* Begin XCConfigurationList section */
		E48F2D6D2B06612B003EEE27 /* Build configuration list for PBXProject "TheCryptoApp" */ = {
			isa = XCConfigurationList;
			buildConfigurations = (
				E48F2D7E2B06612B003EEE27 /* Debug */,
				E48F2D7F2B06612B003EEE27 /* Release */,
			);
			defaultConfigurationIsVisible = 0;
			defaultConfigurationName = Release;
		};
		E48F2D802B06612B003EEE27 /* Build configuration list for PBXNativeTarget "TheCryptoApp" */ = {
			isa = XCConfigurationList;
			buildConfigurations = (
				E48F2D812B06612B003EEE27 /* Debug */,
				E48F2D822B06612B003EEE27 /* Release */,
			);
			defaultConfigurationIsVisible = 0;
			defaultConfigurationName = Release;
		};
/* End XCConfigurationList section */

/* Begin XCVersionGroup section */
		E4E951152B1009F400CA4FFF /* PortfolioContainer.xcdatamodeld */ = {
			isa = XCVersionGroup;
			children = (
				E4E951162B1009F400CA4FFF /* PortfolioContainer.xcdatamodel */,
			);
			currentVersion = E4E951162B1009F400CA4FFF /* PortfolioContainer.xcdatamodel */;
			path = PortfolioContainer.xcdatamodeld;
			sourceTree = "<group>";
			versionGroupType = wrapper.xcdatamodel;
		};
/* End XCVersionGroup section */
	};
	rootObject = E48F2D6A2B06612B003EEE27 /* Project object */;
}
